{
  "name": "workspace",
  "version": "1.0.0",
  "lockfileVersion": 3,
  "requires": true,
  "packages": {
    "": {
      "name": "workspace",
      "version": "1.0.0",
      "license": "ISC",
      "dependencies": {
        "apriltag": "^2.0.3"
      }
    },
    "node_modules/apriltag": {
      "version": "2.0.3",
      "resolved": "https://registry.npmjs.org/apriltag/-/apriltag-2.0.3.tgz",
      "integrity": "sha512-kU+wDwW3MUjxnNUZvd35VB8YOtbH5yVyqQHZxZfOTbHJsHD2qkrnkn263Ar4Kyx88+JO0r12xrMI5DxPwLnlbA==",
      "license": "MIT"
    }
  }
}
